// !$*UTF8*$!
{
	archiveVersion = 1;
	classes = {
	};
	objectVersion = 46;
	objects = {

/* Begin PBXBuildFile section */
		F245EF861A8E04550091F82D /* main.m in Sources */ = {isa = PBXBuildFile; fileRef = F245EF851A8E04550091F82D /* main.m */; };
		F245EF891A8E04550091F82D /* AppDelegate.m in Sources */ = {isa = PBXBuildFile; fileRef = F245EF881A8E04550091F82D /* AppDelegate.m */; };
		F245EF8C1A8E04550091F82D /* AddToParse.m in Sources */ = {isa = PBXBuildFile; fileRef = F245EF8B1A8E04550091F82D /* AddToParse.m */; };
		F245EF8F1A8E04550091F82D /* Main.storyboard in Resources */ = {isa = PBXBuildFile; fileRef = F245EF8D1A8E04550091F82D /* Main.storyboard */; };
		F245EF911A8E04550091F82D /* Images.xcassets in Resources */ = {isa = PBXBuildFile; fileRef = F245EF901A8E04550091F82D /* Images.xcassets */; };
		F245EF941A8E04550091F82D /* LaunchScreen.xib in Resources */ = {isa = PBXBuildFile; fileRef = F245EF921A8E04550091F82D /* LaunchScreen.xib */; };
		F245EFA01A8E04550091F82D /* UseOfParseVideoTests.m in Sources */ = {isa = PBXBuildFile; fileRef = F245EF9F1A8E04550091F82D /* UseOfParseVideoTests.m */; };
		F245EFB01A8E05CA0091F82D /* Bolts.framework in Frameworks */ = {isa = PBXBuildFile; fileRef = F245EFAB1A8E05CA0091F82D /* Bolts.framework */; };
		F245EFB11A8E05CA0091F82D /* Parse.framework in Frameworks */ = {isa = PBXBuildFile; fileRef = F245EFAC1A8E05CA0091F82D /* Parse.framework */; };
		F245EFB21A8E05CA0091F82D /* ParseCrashReporting.framework in Frameworks */ = {isa = PBXBuildFile; fileRef = F245EFAD1A8E05CA0091F82D /* ParseCrashReporting.framework */; };
		F245EFB31A8E05CA0091F82D /* ParseFacebookUtils.framework in Frameworks */ = {isa = PBXBuildFile; fileRef = F245EFAE1A8E05CA0091F82D /* ParseFacebookUtils.framework */; };
		F245EFB41A8E05CA0091F82D /* ParseUI.framework in Frameworks */ = {isa = PBXBuildFile; fileRef = F245EFAF1A8E05CA0091F82D /* ParseUI.framework */; };
		F245EFB61A8E05FE0091F82D /* libz.1.1.3.dylib in Frameworks */ = {isa = PBXBuildFile; fileRef = F245EFB51A8E05FE0091F82D /* libz.1.1.3.dylib */; };
		F245EFB81A8E06100091F82D /* libstdc++.6.dylib in Frameworks */ = {isa = PBXBuildFile; fileRef = F245EFB71A8E06100091F82D /* libstdc++.6.dylib */; };
		F245EFBA1A8E06220091F82D /* libsqlite3.0.dylib in Frameworks */ = {isa = PBXBuildFile; fileRef = F245EFB91A8E06220091F82D /* libsqlite3.0.dylib */; };
		F245EFBC1A8E062E0091F82D /* Foundation.framework in Frameworks */ = {isa = PBXBuildFile; fileRef = F245EFBB1A8E062E0091F82D /* Foundation.framework */; };
		F245EFBE1A8E06390091F82D /* UIKit.framework in Frameworks */ = {isa = PBXBuildFile; fileRef = F245EFBD1A8E06390091F82D /* UIKit.framework */; };
		F245EFC01A8E06450091F82D /* CFNetwork.framework in Frameworks */ = {isa = PBXBuildFile; fileRef = F245EFBF1A8E06450091F82D /* CFNetwork.framework */; };
		F245EFC21A8E06520091F82D /* SystemConfiguration.framework in Frameworks */ = {isa = PBXBuildFile; fileRef = F245EFC11A8E06520091F82D /* SystemConfiguration.framework */; };
		F245EFC41A8E06620091F82D /* MobileCoreServices.framework in Frameworks */ = {isa = PBXBuildFile; fileRef = F245EFC31A8E06620091F82D /* MobileCoreServices.framework */; };
		F245EFC61A8E066D0091F82D /* AudioToolbox.framework in Frameworks */ = {isa = PBXBuildFile; fileRef = F245EFC51A8E066D0091F82D /* AudioToolbox.framework */; };
		F245EFC81A8E067A0091F82D /* Security.framework in Frameworks */ = {isa = PBXBuildFile; fileRef = F245EFC71A8E067A0091F82D /* Security.framework */; };
		F245EFCA1A8E06870091F82D /* QuartzCore.framework in Frameworks */ = {isa = PBXBuildFile; fileRef = F245EFC91A8E06870091F82D /* QuartzCore.framework */; };
		F245EFCC1A8E06920091F82D /* CoreGraphics.framework in Frameworks */ = {isa = PBXBuildFile; fileRef = F245EFCB1A8E06920091F82D /* CoreGraphics.framework */; };
		F245EFCE1A8E069E0091F82D /* StoreKit.framework in Frameworks */ = {isa = PBXBuildFile; fileRef = F245EFCD1A8E069E0091F82D /* StoreKit.framework */; };
		F245EFD01A8E06AB0091F82D /* CoreLocation.framework in Frameworks */ = {isa = PBXBuildFile; fileRef = F245EFCF1A8E06AB0091F82D /* CoreLocation.framework */; };
/* End PBXBuildFile section */

/* Begin PBXContainerItemProxy section */
		F245EF9A1A8E04550091F82D /* PBXContainerItemProxy */ = {
			isa = PBXContainerItemProxy;
			containerPortal = F245EF781A8E04550091F82D /* Project object */;
			proxyType = 1;
			remoteGlobalIDString = F245EF7F1A8E04550091F82D;
			remoteInfo = UseOfParseVideo;
		};
/* End PBXContainerItemProxy section */

/* Begin PBXFileReference section */
		F245EF801A8E04550091F82D /* UseOfParseVideo.app */ = {isa = PBXFileReference; explicitFileType = wrapper.application; includeInIndex = 0; path = UseOfParseVideo.app; sourceTree = BUILT_PRODUCTS_DIR; };
		F245EF841A8E04550091F82D /* Info.plist */ = {isa = PBXFileReference; lastKnownFileType = text.plist.xml; path = Info.plist; sourceTree = "<group>"; };
		F245EF851A8E04550091F82D /* main.m */ = {isa = PBXFileReference; lastKnownFileType = sourcecode.c.objc; path = main.m; sourceTree = "<group>"; };
		F245EF871A8E04550091F82D /* AppDelegate.h */ = {isa = PBXFileReference; lastKnownFileType = sourcecode.c.h; path = AppDelegate.h; sourceTree = "<group>"; };
		F245EF881A8E04550091F82D /* AppDelegate.m */ = {isa = PBXFileReference; lastKnownFileType = sourcecode.c.objc; path = AppDelegate.m; sourceTree = "<group>"; };
		F245EF8A1A8E04550091F82D /* AddToParse.h */ = {isa = PBXFileReference; lastKnownFileType = sourcecode.c.h; path = AddToParse.h; sourceTree = "<group>"; };
		F245EF8B1A8E04550091F82D /* AddToParse.m */ = {isa = PBXFileReference; lastKnownFileType = sourcecode.c.objc; path = AddToParse.m; sourceTree = "<group>"; };
		F245EF8E1A8E04550091F82D /* Base */ = {isa = PBXFileReference; lastKnownFileType = file.storyboard; name = Base; path = Base.lproj/Main.storyboard; sourceTree = "<group>"; };
		F245EF901A8E04550091F82D /* Images.xcassets */ = {isa = PBXFileReference; lastKnownFileType = folder.assetcatalog; path = Images.xcassets; sourceTree = "<group>"; };
		F245EF931A8E04550091F82D /* Base */ = {isa = PBXFileReference; lastKnownFileType = file.xib; name = Base; path = Base.lproj/LaunchScreen.xib; sourceTree = "<group>"; };
		F245EF991A8E04550091F82D /* UseOfParseVideoTests.xctest */ = {isa = PBXFileReference; explicitFileType = wrapper.cfbundle; includeInIndex = 0; path = UseOfParseVideoTests.xctest; sourceTree = BUILT_PRODUCTS_DIR; };
		F245EF9E1A8E04550091F82D /* Info.plist */ = {isa = PBXFileReference; lastKnownFileType = text.plist.xml; path = Info.plist; sourceTree = "<group>"; };
		F245EF9F1A8E04550091F82D /* UseOfParseVideoTests.m */ = {isa = PBXFileReference; lastKnownFileType = sourcecode.c.objc; path = UseOfParseVideoTests.m; sourceTree = "<group>"; };
		F245EFAB1A8E05CA0091F82D /* Bolts.framework */ = {isa = PBXFileReference; lastKnownFileType = wrapper.framework; path = Bolts.framework; sourceTree = "<group>"; };
		F245EFAC1A8E05CA0091F82D /* Parse.framework */ = {isa = PBXFileReference; lastKnownFileType = wrapper.framework; path = Parse.framework; sourceTree = "<group>"; };
		F245EFAD1A8E05CA0091F82D /* ParseCrashReporting.framework */ = {isa = PBXFileReference; lastKnownFileType = wrapper.framework; path = ParseCrashReporting.framework; sourceTree = "<group>"; };
		F245EFAE1A8E05CA0091F82D /* ParseFacebookUtils.framework */ = {isa = PBXFileReference; lastKnownFileType = wrapper.framework; path = ParseFacebookUtils.framework; sourceTree = "<group>"; };
		F245EFAF1A8E05CA0091F82D /* ParseUI.framework */ = {isa = PBXFileReference; lastKnownFileType = wrapper.framework; path = ParseUI.framework; sourceTree = "<group>"; };
		F245EFB51A8E05FE0091F82D /* libz.1.1.3.dylib */ = {isa = PBXFileReference; lastKnownFileType = "compiled.mach-o.dylib"; name = libz.1.1.3.dylib; path = usr/lib/libz.1.1.3.dylib; sourceTree = SDKROOT; };
		F245EFB71A8E06100091F82D /* libstdc++.6.dylib */ = {isa = PBXFileReference; lastKnownFileType = "compiled.mach-o.dylib"; name = "libstdc++.6.dylib"; path = "usr/lib/libstdc++.6.dylib"; sourceTree = SDKROOT; };
		F245EFB91A8E06220091F82D /* libsqlite3.0.dylib */ = {isa = PBXFileReference; lastKnownFileType = "compiled.mach-o.dylib"; name = libsqlite3.0.dylib; path = usr/lib/libsqlite3.0.dylib; sourceTree = SDKROOT; };
		F245EFBB1A8E062E0091F82D /* Foundation.framework */ = {isa = PBXFileReference; lastKnownFileType = wrapper.framework; name = Foundation.framework; path = System/Library/Frameworks/Foundation.framework; sourceTree = SDKROOT; };
		F245EFBD1A8E06390091F82D /* UIKit.framework */ = {isa = PBXFileReference; lastKnownFileType = wrapper.framework; name = UIKit.framework; path = System/Library/Frameworks/UIKit.framework; sourceTree = SDKROOT; };
		F245EFBF1A8E06450091F82D /* CFNetwork.framework */ = {isa = PBXFileReference; lastKnownFileType = wrapper.framework; name = CFNetwork.framework; path = System/Library/Frameworks/CFNetwork.framework; sourceTree = SDKROOT; };
		F245EFC11A8E06520091F82D /* SystemConfiguration.framework */ = {isa = PBXFileReference; lastKnownFileType = wrapper.framework; name = SystemConfiguration.framework; path = System/Library/Frameworks/SystemConfiguration.framework; sourceTree = SDKROOT; };
		F245EFC31A8E06620091F82D /* MobileCoreServices.framework */ = {isa = PBXFileReference; lastKnownFileType = wrapper.framework; name = MobileCoreServices.framework; path = System/Library/Frameworks/MobileCoreServices.framework; sourceTree = SDKROOT; };
		F245EFC51A8E066D0091F82D /* AudioToolbox.framework */ = {isa = PBXFileReference; lastKnownFileType = wrapper.framework; name = AudioToolbox.framework; path = System/Library/Frameworks/AudioToolbox.framework; sourceTree = SDKROOT; };
		F245EFC71A8E067A0091F82D /* Security.framework */ = {isa = PBXFileReference; lastKnownFileType = wrapper.framework; name = Security.framework; path = System/Library/Frameworks/Security.framework; sourceTree = SDKROOT; };
		F245EFC91A8E06870091F82D /* QuartzCore.framework */ = {isa = PBXFileReference; lastKnownFileType = wrapper.framework; name = QuartzCore.framework; path = System/Library/Frameworks/QuartzCore.framework; sourceTree = SDKROOT; };
		F245EFCB1A8E06920091F82D /* CoreGraphics.framework */ = {isa = PBXFileReference; lastKnownFileType = wrapper.framework; name = CoreGraphics.framework; path = System/Library/Frameworks/CoreGraphics.framework; sourceTree = SDKROOT; };
		F245EFCD1A8E069E0091F82D /* StoreKit.framework */ = {isa = PBXFileReference; lastKnownFileType = wrapper.framework; name = StoreKit.framework; path = System/Library/Frameworks/StoreKit.framework; sourceTree = SDKROOT; };
		F245EFCF1A8E06AB0091F82D /* CoreLocation.framework */ = {isa = PBXFileReference; lastKnownFileType = wrapper.framework; name = CoreLocation.framework; path = System/Library/Frameworks/CoreLocation.framework; sourceTree = SDKROOT; };
/* End PBXFileReference section */

/* Begin PBXFrameworksBuildPhase section */
		F245EF7D1A8E04550091F82D /* Frameworks */ = {
			isa = PBXFrameworksBuildPhase;
			buildActionMask = 2147483647;
			files = (
				F245EFD01A8E06AB0091F82D /* CoreLocation.framework in Frameworks */,
				F245EFCE1A8E069E0091F82D /* StoreKit.framework in Frameworks */,
				F245EFCC1A8E06920091F82D /* CoreGraphics.framework in Frameworks */,
				F245EFCA1A8E06870091F82D /* QuartzCore.framework in Frameworks */,
				F245EFC81A8E067A0091F82D /* Security.framework in Frameworks */,
				F245EFC61A8E066D0091F82D /* AudioToolbox.framework in Frameworks */,
				F245EFC41A8E06620091F82D /* MobileCoreServices.framework in Frameworks */,
				F245EFC21A8E06520091F82D /* SystemConfiguration.framework in Frameworks */,
				F245EFC01A8E06450091F82D /* CFNetwork.framework in Frameworks */,
				F245EFBE1A8E06390091F82D /* UIKit.framework in Frameworks */,
				F245EFBC1A8E062E0091F82D /* Foundation.framework in Frameworks */,
				F245EFBA1A8E06220091F82D /* libsqlite3.0.dylib in Frameworks */,
				F245EFB81A8E06100091F82D /* libstdc++.6.dylib in Frameworks */,
				F245EFB61A8E05FE0091F82D /* libz.1.1.3.dylib in Frameworks */,
				F245EFB11A8E05CA0091F82D /* Parse.framework in Frameworks */,
				F245EFB21A8E05CA0091F82D /* ParseCrashReporting.framework in Frameworks */,
				F245EFB41A8E05CA0091F82D /* ParseUI.framework in Frameworks */,
				F245EFB31A8E05CA0091F82D /* ParseFacebookUtils.framework in Frameworks */,
				F245EFB01A8E05CA0091F82D /* Bolts.framework in Frameworks */,
			);
			runOnlyForDeploymentPostprocessing = 0;
		};
		F245EF961A8E04550091F82D /* Frameworks */ = {
			isa = PBXFrameworksBuildPhase;
			buildActionMask = 2147483647;
			files = (
			);
			runOnlyForDeploymentPostprocessing = 0;
		};
/* End PBXFrameworksBuildPhase section */

/* Begin PBXGroup section */
		F245EF771A8E04550091F82D = {
			isa = PBXGroup;
			children = (
				F245EFA91A8E05B50091F82D /* Frameworks */,
				F245EF821A8E04550091F82D /* UseOfParseVideo */,
				F245EF9C1A8E04550091F82D /* UseOfParseVideoTests */,
				F245EF811A8E04550091F82D /* Products */,
			);
			sourceTree = "<group>";
		};
		F245EF811A8E04550091F82D /* Products */ = {
			isa = PBXGroup;
			children = (
				F245EF801A8E04550091F82D /* UseOfParseVideo.app */,
				F245EF991A8E04550091F82D /* UseOfParseVideoTests.xctest */,
			);
			name = Products;
			sourceTree = "<group>";
		};
		F245EF821A8E04550091F82D /* UseOfParseVideo */ = {
			isa = PBXGroup;
			children = (
				F245EF871A8E04550091F82D /* AppDelegate.h */,
				F245EF881A8E04550091F82D /* AppDelegate.m */,
				F245EF8A1A8E04550091F82D /* AddToParse.h */,
				F245EF8B1A8E04550091F82D /* AddToParse.m */,
				F245EF8D1A8E04550091F82D /* Main.storyboard */,
				F245EF901A8E04550091F82D /* Images.xcassets */,
				F245EF921A8E04550091F82D /* LaunchScreen.xib */,
				F245EF831A8E04550091F82D /* Supporting Files */,
			);
			path = UseOfParseVideo;
			sourceTree = "<group>";
		};
		F245EF831A8E04550091F82D /* Supporting Files */ = {
			isa = PBXGroup;
			children = (
				F245EF841A8E04550091F82D /* Info.plist */,
				F245EF851A8E04550091F82D /* main.m */,
			);
			name = "Supporting Files";
			sourceTree = "<group>";
		};
		F245EF9C1A8E04550091F82D /* UseOfParseVideoTests */ = {
			isa = PBXGroup;
			children = (
				F245EF9F1A8E04550091F82D /* UseOfParseVideoTests.m */,
				F245EF9D1A8E04550091F82D /* Supporting Files */,
			);
			path = UseOfParseVideoTests;
			sourceTree = "<group>";
		};
		F245EF9D1A8E04550091F82D /* Supporting Files */ = {
			isa = PBXGroup;
			children = (
				F245EF9E1A8E04550091F82D /* Info.plist */,
			);
			name = "Supporting Files";
			sourceTree = "<group>";
		};
		F245EFA91A8E05B50091F82D /* Frameworks */ = {
			isa = PBXGroup;
			children = (
				F245EFCF1A8E06AB0091F82D /* CoreLocation.framework */,
				F245EFCD1A8E069E0091F82D /* StoreKit.framework */,
				F245EFCB1A8E06920091F82D /* CoreGraphics.framework */,
				F245EFC91A8E06870091F82D /* QuartzCore.framework */,
				F245EFC71A8E067A0091F82D /* Security.framework */,
				F245EFC51A8E066D0091F82D /* AudioToolbox.framework */,
				F245EFC31A8E06620091F82D /* MobileCoreServices.framework */,
				F245EFC11A8E06520091F82D /* SystemConfiguration.framework */,
				F245EFBF1A8E06450091F82D /* CFNetwork.framework */,
				F245EFBD1A8E06390091F82D /* UIKit.framework */,
				F245EFBB1A8E062E0091F82D /* Foundation.framework */,
				F245EFB91A8E06220091F82D /* libsqlite3.0.dylib */,
				F245EFB71A8E06100091F82D /* libstdc++.6.dylib */,
				F245EFB51A8E05FE0091F82D /* libz.1.1.3.dylib */,
				F245EFAA1A8E05CA0091F82D /* ParseFramework */,
			);
			name = Frameworks;
			sourceTree = "<group>";
		};
		F245EFAA1A8E05CA0091F82D /* ParseFramework */ = {
			isa = PBXGroup;
			children = (
				F245EFAB1A8E05CA0091F82D /* Bolts.framework */,
				F245EFAC1A8E05CA0091F82D /* Parse.framework */,
				F245EFAD1A8E05CA0091F82D /* ParseCrashReporting.framework */,
				F245EFAE1A8E05CA0091F82D /* ParseFacebookUtils.framework */,
				F245EFAF1A8E05CA0091F82D /* ParseUI.framework */,
			);
			path = ParseFramework;
			sourceTree = "<group>";
		};
/* End PBXGroup section */

/* Begin PBXNativeTarget section */
		F245EF7F1A8E04550091F82D /* UseOfParseVideo */ = {
			isa = PBXNativeTarget;
			buildConfigurationList = F245EFA31A8E04550091F82D /* Build configuration list for PBXNativeTarget "UseOfParseVideo" */;
			buildPhases = (
				F245EF7C1A8E04550091F82D /* Sources */,
				F245EF7D1A8E04550091F82D /* Frameworks */,
				F245EF7E1A8E04550091F82D /* Resources */,
			);
			buildRules = (
			);
			dependencies = (
			);
			name = UseOfParseVideo;
			productName = UseOfParseVideo;
			productReference = F245EF801A8E04550091F82D /* UseOfParseVideo.app */;
			productType = "com.apple.product-type.application";
		};
		F245EF981A8E04550091F82D /* UseOfParseVideoTests */ = {
			isa = PBXNativeTarget;
			buildConfigurationList = F245EFA61A8E04550091F82D /* Build configuration list for PBXNativeTarget "UseOfParseVideoTests" */;
			buildPhases = (
				F245EF951A8E04550091F82D /* Sources */,
				F245EF961A8E04550091F82D /* Frameworks */,
				F245EF971A8E04550091F82D /* Resources */,
			);
			buildRules = (
			);
			dependencies = (
				F245EF9B1A8E04550091F82D /* PBXTargetDependency */,
			);
			name = UseOfParseVideoTests;
			productName = UseOfParseVideoTests;
			productReference = F245EF991A8E04550091F82D /* UseOfParseVideoTests.xctest */;
			productType = "com.apple.product-type.bundle.unit-test";
		};
/* End PBXNativeTarget section */

/* Begin PBXProject section */
		F245EF781A8E04550091F82D /* Project object */ = {
			isa = PBXProject;
			attributes = {
				LastUpgradeCheck = 0610;
				ORGANIZATIONNAME = "Galileo Guzman";
				TargetAttributes = {
					F245EF7F1A8E04550091F82D = {
						CreatedOnToolsVersion = 6.1.1;
					};
					F245EF981A8E04550091F82D = {
						CreatedOnToolsVersion = 6.1.1;
						TestTargetID = F245EF7F1A8E04550091F82D;
					};
				};
			};
			buildConfigurationList = F245EF7B1A8E04550091F82D /* Build configuration list for PBXProject "UseOfParseVideo" */;
			compatibilityVersion = "Xcode 3.2";
			developmentRegion = English;
			hasScannedForEncodings = 0;
			knownRegions = (
				en,
				Base,
			);
			mainGroup = F245EF771A8E04550091F82D;
			productRefGroup = F245EF811A8E04550091F82D /* Products */;
			projectDirPath = "";
			projectRoot = "";
			targets = (
				F245EF7F1A8E04550091F82D /* UseOfParseVideo */,
				F245EF981A8E04550091F82D /* UseOfParseVideoTests */,
			);
		};
/* End PBXProject section */

/* Begin PBXResourcesBuildPhase section */
		F245EF7E1A8E04550091F82D /* Resources */ = {
			isa = PBXResourcesBuildPhase;
			buildActionMask = 2147483647;
			files = (
				F245EF8F1A8E04550091F82D /* Main.storyboard in Resources */,
				F245EF941A8E04550091F82D /* LaunchScreen.xib in Resources */,
				F245EF911A8E04550091F82D /* Images.xcassets in Resources */,
			);
			runOnlyForDeploymentPostprocessing = 0;
		};
		F245EF971A8E04550091F82D /* Resources */ = {
			isa = PBXResourcesBuildPhase;
			buildActionMask = 2147483647;
			files = (
			);
			runOnlyForDeploymentPostprocessing = 0;
		};
/* End PBXResourcesBuildPhase section */

/* Begin PBXSourcesBuildPhase section */
		F245EF7C1A8E04550091F82D /* Sources */ = {
			isa = PBXSourcesBuildPhase;
			buildActionMask = 2147483647;
			files = (
				F245EF8C1A8E04550091F82D /* AddToParse.m in Sources */,
				F245EF891A8E04550091F82D /* AppDelegate.m in Sources */,
				F245EF861A8E04550091F82D /* main.m in Sources */,
			);
			runOnlyForDeploymentPostprocessing = 0;
		};
		F245EF951A8E04550091F82D /* Sources */ = {
			isa = PBXSourcesBuildPhase;
			buildActionMask = 2147483647;
			files = (
				F245EFA01A8E04550091F82D /* UseOfParseVideoTests.m in Sources */,
			);
			runOnlyForDeploymentPostprocessing = 0;
		};
/* End PBXSourcesBuildPhase section */

/* Begin PBXTargetDependency section */
		F245EF9B1A8E04550091F82D /* PBXTargetDependency */ = {
			isa = PBXTargetDependency;
			target = F245EF7F1A8E04550091F82D /* UseOfParseVideo */;
			targetProxy = F245EF9A1A8E04550091F82D /* PBXContainerItemProxy */;
		};
/* End PBXTargetDependency section */

/* Begin PBXVariantGroup section */
		F245EF8D1A8E04550091F82D /* Main.storyboard */ = {
			isa = PBXVariantGroup;
			children = (
				F245EF8E1A8E04550091F82D /* Base */,
			);
			name = Main.storyboard;
			sourceTree = "<group>";
		};
		F245EF921A8E04550091F82D /* LaunchScreen.xib */ = {
			isa = PBXVariantGroup;
			children = (
				F245EF931A8E04550091F82D /* Base */,
			);
			name = LaunchScreen.xib;
			sourceTree = "<group>";
		};
/* End PBXVariantGroup section */

/* Begin XCBuildConfiguration section */
		F245EFA11A8E04550091F82D /* Debug */ = {
			isa = XCBuildConfiguration;
			buildSettings = {
				ALWAYS_SEARCH_USER_PATHS = NO;
				CLANG_CXX_LANGUAGE_STANDARD = "gnu++0x";
				CLANG_CXX_LIBRARY = "libc++";
				CLANG_ENABLE_MODULES = YES;
				CLANG_ENABLE_OBJC_ARC = YES;
				CLANG_WARN_BOOL_CONVERSION = YES;
				CLANG_WARN_CONSTANT_CONVERSION = YES;
				CLANG_WARN_DIRECT_OBJC_ISA_USAGE = YES_ERROR;
				CLANG_WARN_EMPTY_BODY = YES;
				CLANG_WARN_ENUM_CONVERSION = YES;
				CLANG_WARN_INT_CONVERSION = YES;
				CLANG_WARN_OBJC_ROOT_CLASS = YES_ERROR;
				CLANG_WARN_UNREACHABLE_CODE = YES;
				CLANG_WARN__DUPLICATE_METHOD_MATCH = YES;
				"CODE_SIGN_IDENTITY[sdk=iphoneos*]" = "iPhone Developer";
				COPY_PHASE_STRIP = NO;
				ENABLE_STRICT_OBJC_MSGSEND = YES;
				GCC_C_LANGUAGE_STANDARD = gnu99;
				GCC_DYNAMIC_NO_PIC = NO;
				GCC_OPTIMIZATION_LEVEL = 0;
				GCC_PREPROCESSOR_DEFINITIONS = (
					"DEBUG=1",
					"$(inherited)",
				);
				GCC_SYMBOLS_PRIVATE_EXTERN = NO;
				GCC_WARN_64_TO_32_BIT_CONVERSION = YES;
				GCC_WARN_ABOUT_RETURN_TYPE = YES_ERROR;
				GCC_WARN_UNDECLARED_SELECTOR = YES;
				GCC_WARN_UNINITIALIZED_AUTOS = YES_AGGRESSIVE;
				GCC_WARN_UNUSED_FUNCTION = YES;
				GCC_WARN_UNUSED_VARIABLE = YES;
				IPHONEOS_DEPLOYMENT_TARGET = 8.1;
				MTL_ENABLE_DEBUG_INFO = YES;
				ONLY_ACTIVE_ARCH = YES;
				SDKROOT = iphoneos;
			};
			name = Debug;
		};
		F245EFA21A8E04550091F82D /* Release */ = {
			isa = XCBuildConfiguration;
			buildSettings = {
				ALWAYS_SEARCH_USER_PATHS = NO;
				CLANG_CXX_LANGUAGE_STANDARD = "gnu++0x";
				CLANG_CXX_LIBRARY = "libc++";
				CLANG_ENABLE_MODULES = YES;
				CLANG_ENABLE_OBJC_ARC = YES;
				CLANG_WARN_BOOL_CONVERSION = YES;
				CLANG_WARN_CONSTANT_CONVERSION = YES;
				CLANG_WARN_DIRECT_OBJC_ISA_USAGE = YES_ERROR;
				CLANG_WARN_EMPTY_BODY = YES;
				CLANG_WARN_ENUM_CONVERSION = YES;
				CLANG_WARN_INT_CONVERSION = YES;
				CLANG_WARN_OBJC_ROOT_CLASS = YES_ERROR;
				CLANG_WARN_UNREACHABLE_CODE = YES;
				CLANG_WARN__DUPLICATE_METHOD_MATCH = YES;
				"CODE_SIGN_IDENTITY[sdk=iphoneos*]" = "iPhone Developer";
				COPY_PHASE_STRIP = YES;
				ENABLE_NS_ASSERTIONS = NO;
				ENABLE_STRICT_OBJC_MSGSEND = YES;
				GCC_C_LANGUAGE_STANDARD = gnu99;
				GCC_WARN_64_TO_32_BIT_CONVERSION = YES;
				GCC_WARN_ABOUT_RETURN_TYPE = YES_ERROR;
				GCC_WARN_UNDECLARED_SELECTOR = YES;
				GCC_WARN_UNINITIALIZED_AUTOS = YES_AGGRESSIVE;
				GCC_WARN_UNUSED_FUNCTION = YES;
				GCC_WARN_UNUSED_VARIABLE = YES;
				IPHONEOS_DEPLOYMENT_TARGET = 8.1;
				MTL_ENABLE_DEBUG_INFO = NO;
				SDKROOT = iphoneos;
				VALIDATE_PRODUCT = YES;
			};
			name = Release;
		};
		F245EFA41A8E04550091F82D /* Debug */ = {
			isa = XCBuildConfiguration;
			buildSettings = {
				ASSETCATALOG_COMPILER_APPICON_NAME = AppIcon;
				FRAMEWORK_SEARCH_PATHS = (
					"$(inherited)",
					"$(PROJECT_DIR)/ParseFramework",
				);
				INFOPLIST_FILE = UseOfParseVideo/Info.plist;
				LD_RUNPATH_SEARCH_PATHS = "$(inherited) @executable_path/Frameworks";
				PRODUCT_NAME = "$(TARGET_NAME)";
			};
			name = Debug;
		};
		F245EFA51A8E04550091F82D /* Release */ = {
			isa = XCBuildConfiguration;
			buildSettings = {
				ASSETCATALOG_COMPILER_APPICON_NAME = AppIcon;
				FRAMEWORK_SEARCH_PATHS = (
					"$(inherited)",
					"$(PROJECT_DIR)/ParseFramework",
				);
				INFOPLIST_FILE = UseOfParseVideo/Info.plist;
				LD_RUNPATH_SEARCH_PATHS = "$(inherited) @executable_path/Frameworks";
				PRODUCT_NAME = "$(TARGET_NAME)";
			};
			name = Release;
		};
		F245EFA71A8E04550091F82D /* Debug */ = {
			isa = XCBuildConfiguration;
			buildSettings = {
				BUNDLE_LOADER = "$(TEST_HOST)";
				FRAMEWORK_SEARCH_PATHS = (
					"$(SDKROOT)/Developer/Library/Frameworks",
					"$(inherited)",
				);
				GCC_PREPROCESSOR_DEFINITIONS = (
					"DEBUG=1",
					"$(inherited)",
				);
				INFOPLIST_FILE = UseOfParseVideoTests/Info.plist;
				LD_RUNPATH_SEARCH_PATHS = "$(inherited) @executable_path/Frameworks @loader_path/Frameworks";
				PRODUCT_NAME = "$(TARGET_NAME)";
				TEST_HOST = "$(BUILT_PRODUCTS_DIR)/UseOfParseVideo.app/UseOfParseVideo";
			};
			name = Debug;
		};
		F245EFA81A8E04550091F82D /* Release */ = {
			isa = XCBuildConfiguration;
			buildSettings = {
				BUNDLE_LOADER = "$(TEST_HOST)";
				FRAMEWORK_SEARCH_PATHS = (
					"$(SDKROOT)/Developer/Library/Frameworks",
					"$(inherited)",
				);
				INFOPLIST_FILE = UseOfParseVideoTests/Info.plist;
				LD_RUNPATH_SEARCH_PATHS = "$(inherited) @executable_path/Frameworks @loader_path/Frameworks";
				PRODUCT_NAME = "$(TARGET_NAME)";
				TEST_HOST = "$(BUILT_PRODUCTS_DIR)/UseOfParseVideo.app/UseOfParseVideo";
			};
			name = Release;
		};
/* End XCBuildConfiguration section */

/* Begin XCConfigurationList section */
		F245EF7B1A8E04550091F82D /* Build configuration list for PBXProject "UseOfParseVideo" */ = {
			isa = XCConfigurationList;
			buildConfigurations = (
				F245EFA11A8E04550091F82D /* Debug */,
				F245EFA21A8E04550091F82D /* Release */,
			);
			defaultConfigurationIsVisible = 0;
			defaultConfigurationName = Release;
		};
		F245EFA31A8E04550091F82D /* Build configuration list for PBXNativeTarget "UseOfParseVideo" */ = {
			isa = XCConfigurationList;
			buildConfigurations = (
				F245EFA41A8E04550091F82D /* Debug */,
				F245EFA51A8E04550091F82D /* Release */,
			);
			defaultConfigurationIsVisible = 0;
		};
		F245EFA61A8E04550091F82D /* Build configuration list for PBXNativeTarget "UseOfParseVideoTests" */ = {
			isa = XCConfigurationList;
			buildConfigurations = (
				F245EFA71A8E04550091F82D /* Debug */,
				F245EFA81A8E04550091F82D /* Release */,
			);
			defaultConfigurationIsVisible = 0;
		};
/* End XCConfigurationList section */
	};
	rootObject = F245EF781A8E04550091F82D /* Project object */;
}
